
Microsoft Visual Studio Solution File, Format Version 12.00
# Visual Studio Version 16
VisualStudioVersion = 16.0.31005.135
MinimumVisualStudioVersion = 10.0.40219.1
Project("{FAE04EC0-301F-11D3-BF4B-00C04F79EFBC}") = "NoteApp.Model", "NoteApp.Model\NoteApp.Model.csproj", "{3A6B0943-806B-43F0-8334-6C95156D1667}"
EndProject
Project("{2150E333-8FDC-42A3-9474-1A3956D46DE8}") = "Testing", "Testing", "{636B5908-3862-4956-9B3D-85C25765092E}"
EndProject
Project("{FAE04EC0-301F-11D3-BF4B-00C04F79EFBC}") = "NoteApp.UnitTests", "Testing\NoteApp.UnitTests\NoteApp.UnitTests.csproj", "{B106726C-28BF-43ED-819E-F96AA3AC6D00}"
EndProject
Project("{FAE04EC0-301F-11D3-BF4B-00C04F79EFBC}") = "Installer", "Installer\Installer.csproj", "{67BA006C-E876-47C1-A454-47BDCD3033E3}"
EndProject
Project("{FAE04EC0-301F-11D3-BF4B-00C04F79EFBC}") = "NoteApp.UI", "NoteApp.UI\NoteApp.UI.csproj", "{FE6ED085-709F-4DEF-9AFE-7728D3767A05}"
EndProject
Global
	GlobalSection(SolutionConfigurationPlatforms) = preSolution
		Debug|Any CPU = Debug|Any CPU
		Release|Any CPU = Release|Any CPU
	EndGlobalSection
	GlobalSection(ProjectConfigurationPlatforms) = postSolution
		{3A6B0943-806B-43F0-8334-6C95156D1667}.Debug|Any CPU.ActiveCfg = Debug|Any CPU
		{3A6B0943-806B-43F0-8334-6C95156D1667}.Debug|Any CPU.Build.0 = Debug|Any CPU
		{3A6B0943-806B-43F0-8334-6C95156D1667}.Release|Any CPU.ActiveCfg = Release|Any CPU
		{3A6B0943-806B-43F0-8334-6C95156D1667}.Release|Any CPU.Build.0 = Release|Any CPU
		{B106726C-28BF-43ED-819E-F96AA3AC6D00}.Debug|Any CPU.ActiveCfg = Debug|Any CPU
		{B106726C-28BF-43ED-819E-F96AA3AC6D00}.Debug|Any CPU.Build.0 = Debug|Any CPU
		{B106726C-28BF-43ED-819E-F96AA3AC6D00}.Release|Any CPU.ActiveCfg = Release|Any CPU
		{B106726C-28BF-43ED-819E-F96AA3AC6D00}.Release|Any CPU.Build.0 = Release|Any CPU
		{67BA006C-E876-47C1-A454-47BDCD3033E3}.Debug|Any CPU.ActiveCfg = Debug|Any CPU
		{67BA006C-E876-47C1-A454-47BDCD3033E3}.Debug|Any CPU.Build.0 = Debug|Any CPU
		{67BA006C-E876-47C1-A454-47BDCD3033E3}.Release|Any CPU.ActiveCfg = Release|Any CPU
		{67BA006C-E876-47C1-A454-47BDCD3033E3}.Release|Any CPU.Build.0 = Release|Any CPU
		{FE6ED085-709F-4DEF-9AFE-7728D3767A05}.Debug|Any CPU.ActiveCfg = Debug|Any CPU
		{FE6ED085-709F-4DEF-9AFE-7728D3767A05}.Debug|Any CPU.Build.0 = Debug|Any CPU
		{FE6ED085-709F-4DEF-9AFE-7728D3767A05}.Release|Any CPU.ActiveCfg = Release|Any CPU
		{FE6ED085-709F-4DEF-9AFE-7728D3767A05}.Release|Any CPU.Build.0 = Release|Any CPU
	EndGlobalSection
	GlobalSection(SolutionProperties) = preSolution
		HideSolutionNode = FALSE
	EndGlobalSection
	GlobalSection(NestedProjects) = preSolution
		{B106726C-28BF-43ED-819E-F96AA3AC6D00} = {636B5908-3862-4956-9B3D-85C25765092E}
	EndGlobalSection
	GlobalSection(ExtensibilityGlobals) = postSolution
		SolutionGuid = {B85E3221-C9B0-4467-AB8F-3259B2EBC819}
	EndGlobalSection
EndGlobal
